
Microsoft Visual Studio Solution File, Format Version 12.00
# Visual Studio 14
VisualStudioVersion = 14.0.24720.0
MinimumVisualStudioVersion = 10.0.40219.1
Project("{FAE04EC0-301F-11D3-BF4B-00C04F79EFBC}") = "LearnAspNet_lyn", "LearnAspNet_lyn\LearnAspNet_lyn.csproj", "{EE2EF9B5-DA5F-4914-B263-BA1F95A010A8}"
EndProject
Project("{FAE04EC0-301F-11D3-BF4B-00C04F79EFBC}") = "LearnAspNet_lyn.Tests", "LearnAspNet_lyn.Tests\LearnAspNet_lyn.Tests.csproj", "{2737CBBD-1AFD-4A64-AEDB-DD268D94D578}"
EndProject
Global
	GlobalSection(SolutionConfigurationPlatforms) = preSolution
		Debug|Any CPU = Debug|Any CPU
		Release|Any CPU = Release|Any CPU
	EndGlobalSection
	GlobalSection(ProjectConfigurationPlatforms) = postSolution
		{EE2EF9B5-DA5F-4914-B263-BA1F95A010A8}.Debug|Any CPU.ActiveCfg = Debug|Any CPU
		{EE2EF9B5-DA5F-4914-B263-BA1F95A010A8}.Debug|Any CPU.Build.0 = Debug|Any CPU
		{EE2EF9B5-DA5F-4914-B263-BA1F95A010A8}.Release|Any CPU.ActiveCfg = Release|Any CPU
		{EE2EF9B5-DA5F-4914-B263-BA1F95A010A8}.Release|Any CPU.Build.0 = Release|Any CPU
		{2737CBBD-1AFD-4A64-AEDB-DD268D94D578}.Debug|Any CPU.ActiveCfg = Debug|Any CPU
		{2737CBBD-1AFD-4A64-AEDB-DD268D94D578}.Debug|Any CPU.Build.0 = Debug|Any CPU
		{2737CBBD-1AFD-4A64-AEDB-DD268D94D578}.Release|Any CPU.ActiveCfg = Release|Any CPU
		{2737CBBD-1AFD-4A64-AEDB-DD268D94D578}.Release|Any CPU.Build.0 = Release|Any CPU
	EndGlobalSection
	GlobalSection(SolutionProperties) = preSolution
		HideSolutionNode = FALSE
	EndGlobalSection
EndGlobal
